
Microsoft Visual Studio Solution File, Format Version 12.00
# Visual Studio Version 17
VisualStudioVersion = 17.4.33403.182
MinimumVisualStudioVersion = 10.0.40219.1
Project("{FAE04EC0-301F-11D3-BF4B-00C04F79EFBC}") = "GUIA2_PARA_LABORATORIO2", "GUIA2_PARA_LABORATORIO2\GUIA2_PARA_LABORATORIO2.csproj", "{2C385EA0-CFBB-4D93-AA89-7EDD347BAC2D}"
EndProject
Global
	GlobalSection(SolutionConfigurationPlatforms) = preSolution
		Debug|Any CPU = Debug|Any CPU
		Release|Any CPU = Release|Any CPU
	EndGlobalSection
	GlobalSection(ProjectConfigurationPlatforms) = postSolution
		{2C385EA0-CFBB-4D93-AA89-7EDD347BAC2D}.Debug|Any CPU.ActiveCfg = Debug|Any CPU
		{2C385EA0-CFBB-4D93-AA89-7EDD347BAC2D}.Debug|Any CPU.Build.0 = Debug|Any CPU
		{2C385EA0-CFBB-4D93-AA89-7EDD347BAC2D}.Release|Any CPU.ActiveCfg = Release|Any CPU
		{2C385EA0-CFBB-4D93-AA89-7EDD347BAC2D}.Release|Any CPU.Build.0 = Release|Any CPU
	EndGlobalSection
	GlobalSection(SolutionProperties) = preSolution
		HideSolutionNode = FALSE
	EndGlobalSection
	GlobalSection(ExtensibilityGlobals) = postSolution
		SolutionGuid = {17BA5311-6F04-4E6E-B077-FCB9797D226D}
	EndGlobalSection
EndGlobal
